
Microsoft Visual Studio Solution File, Format Version 12.00
# Visual Studio Version 16
VisualStudioVersion = 16.0.32407.337
MinimumVisualStudioVersion = 10.0.40219.1
Project("{9A19103F-16F7-4668-BE54-9A1E7A4F7556}") = "Exam.Web", "Exam.Web\Exam.Web.csproj", "{ED234A55-ABA6-4AA1-9549-01C23B242C78}"
EndProject
Project("{9A19103F-16F7-4668-BE54-9A1E7A4F7556}") = "Exam.DAL", "Exam.DAL\Exam.DAL.csproj", "{3CB5479E-A69A-42B6-9CCF-DB3419A17D62}"
EndProject
Project("{FAE04EC0-301F-11D3-BF4B-00C04F79EFBC}") = "Exam.Tests", "Exam.Tests\Exam.Tests.csproj", "{FE6C887E-57D1-450E-9551-7FCD5D98BDF9}"
EndProject
Global
	GlobalSection(SolutionConfigurationPlatforms) = preSolution
		Debug|Any CPU = Debug|Any CPU
		Release|Any CPU = Release|Any CPU
	EndGlobalSection
	GlobalSection(ProjectConfigurationPlatforms) = postSolution
		{ED234A55-ABA6-4AA1-9549-01C23B242C78}.Debug|Any CPU.ActiveCfg = Debug|Any CPU
		{ED234A55-ABA6-4AA1-9549-01C23B242C78}.Debug|Any CPU.Build.0 = Debug|Any CPU
		{ED234A55-ABA6-4AA1-9549-01C23B242C78}.Release|Any CPU.ActiveCfg = Release|Any CPU
		{ED234A55-ABA6-4AA1-9549-01C23B242C78}.Release|Any CPU.Build.0 = Release|Any CPU
		{3CB5479E-A69A-42B6-9CCF-DB3419A17D62}.Debug|Any CPU.ActiveCfg = Debug|Any CPU
		{3CB5479E-A69A-42B6-9CCF-DB3419A17D62}.Debug|Any CPU.Build.0 = Debug|Any CPU
		{3CB5479E-A69A-42B6-9CCF-DB3419A17D62}.Release|Any CPU.ActiveCfg = Release|Any CPU
		{3CB5479E-A69A-42B6-9CCF-DB3419A17D62}.Release|Any CPU.Build.0 = Release|Any CPU
		{FE6C887E-57D1-450E-9551-7FCD5D98BDF9}.Debug|Any CPU.ActiveCfg = Debug|Any CPU
		{FE6C887E-57D1-450E-9551-7FCD5D98BDF9}.Debug|Any CPU.Build.0 = Debug|Any CPU
		{FE6C887E-57D1-450E-9551-7FCD5D98BDF9}.Release|Any CPU.ActiveCfg = Release|Any CPU
		{FE6C887E-57D1-450E-9551-7FCD5D98BDF9}.Release|Any CPU.Build.0 = Release|Any CPU
	EndGlobalSection
	GlobalSection(SolutionProperties) = preSolution
		HideSolutionNode = FALSE
	EndGlobalSection
	GlobalSection(ExtensibilityGlobals) = postSolution
		SolutionGuid = {EE4AEB2E-EF59-4BD0-853E-83297B62DF14}
	EndGlobalSection
EndGlobal
